
Microsoft Visual Studio Solution File, Format Version 12.00
# Visual Studio Version 17
VisualStudioVersion = 17.10.35027.167
MinimumVisualStudioVersion = 10.0.40219.1
Project("{9A19103F-16F7-4668-BE54-9A1E7A4F7556}") = "TransactionBatch", "DataTransferApp\TransactionBatch.csproj", "{97E7535E-7DB7-42C2-8305-E94E9FA06149}"
	ProjectSection(ProjectDependencies) = postProject
		{EE63DAC0-C5F3-4572-AA64-695897942044} = {EE63DAC0-C5F3-4572-AA64-695897942044}
	EndProjectSection
EndProject
Project("{9A19103F-16F7-4668-BE54-9A1E7A4F7556}") = "TrantactionBatch.Business", "Business\TrantactionBatch.Business.csproj", "{EE63DAC0-C5F3-4572-AA64-695897942044}"
EndProject
Project("{2150E333-8FDC-42A3-9474-1A3956D46DE8}") = "DataTransferApp", "DataTransferApp", "{676C67E2-A50A-4891-BC30-CC73DCE2BB5D}"
EndProject
Project("{2150E333-8FDC-42A3-9474-1A3956D46DE8}") = "TransactionBatch", "TransactionBatch", "{44A7870A-7C03-4914-9CEF-9127DEB6D532}"
EndProject
Project("{2150E333-8FDC-42A3-9474-1A3956D46DE8}") = "01.Data", "01.Data", "{D1415A8A-D285-4975-B80E-06EACD0778D6}"
EndProject
Project("{2150E333-8FDC-42A3-9474-1A3956D46DE8}") = "02.Business", "02.Business", "{BB20D464-76DC-43EF-80F5-ABCDC2ECF4CC}"
EndProject
Project("{9A19103F-16F7-4668-BE54-9A1E7A4F7556}") = "TransactionBatch.Data", "TransactionBatch.Data\TransactionBatch.Data.csproj", "{E573089B-9940-404F-B38D-0338204E4166}"
EndProject
Project("{2150E333-8FDC-42A3-9474-1A3956D46DE8}") = "03.TransactionBatchApp", "03.TransactionBatchApp", "{A6E19890-9979-421A-83BE-8D711A6632A8}"
EndProject
Project("{2150E333-8FDC-42A3-9474-1A3956D46DE8}") = "CommonServices", "CommonServices", "{67D14A19-4B00-4DF9-AA15-BC586B6FB6C0}"
EndProject
Project("{9A19103F-16F7-4668-BE54-9A1E7A4F7556}") = "CommonServices", "CommonServices\CommonServices.csproj", "{CEBEA8EA-7DD2-46F2-A86B-1ABFD1CB712B}"
EndProject
Project("{2150E333-8FDC-42A3-9474-1A3956D46DE8}") = "TransactionBatch2", "TransactionBatch2", "{B4269243-1E4E-44AA-AF79-AA7B49EAC24A}"
EndProject
Project("{2150E333-8FDC-42A3-9474-1A3956D46DE8}") = "01.Data", "01.Data", "{45CFA824-AB7E-46E8-AFE4-915D31C06E0D}"
EndProject
Project("{2150E333-8FDC-42A3-9474-1A3956D46DE8}") = "02.Business", "02.Business", "{681F0F51-1CDC-4C77-98B4-C9BC074A5688}"
EndProject
Project("{2150E333-8FDC-42A3-9474-1A3956D46DE8}") = "03.TransactionBatch2", "03.TransactionBatch2", "{EAF89F2B-BA11-4BEC-9DD8-3C3D696C29C1}"
EndProject
Project("{9A19103F-16F7-4668-BE54-9A1E7A4F7556}") = "TransactionBatch2.Data", "TransactionBatch2.Data\TransactionBatch2.Data.csproj", "{0FE61D4B-C086-441A-B387-7ABA5C1C6596}"
EndProject
Project("{9A19103F-16F7-4668-BE54-9A1E7A4F7556}") = "TransactionBatch2.Business", "TransactionBatch2.Business\TransactionBatch2.Business.csproj", "{A5480A20-D3CF-4933-BDE4-3BC5B4634477}"
EndProject
Project("{9A19103F-16F7-4668-BE54-9A1E7A4F7556}") = "TRansactionBatch2App", "TRansactionBatch2App\TRansactionBatch2App.csproj", "{763296D0-EAD1-4B5D-A3D0-76A143B4AD66}"
EndProject
Global
	GlobalSection(SolutionConfigurationPlatforms) = preSolution
		Debug|Any CPU = Debug|Any CPU
		Release|Any CPU = Release|Any CPU
	EndGlobalSection
	GlobalSection(ProjectConfigurationPlatforms) = postSolution
		{97E7535E-7DB7-42C2-8305-E94E9FA06149}.Debug|Any CPU.ActiveCfg = Debug|Any CPU
		{97E7535E-7DB7-42C2-8305-E94E9FA06149}.Debug|Any CPU.Build.0 = Debug|Any CPU
		{97E7535E-7DB7-42C2-8305-E94E9FA06149}.Release|Any CPU.ActiveCfg = Release|Any CPU
		{97E7535E-7DB7-42C2-8305-E94E9FA06149}.Release|Any CPU.Build.0 = Release|Any CPU
		{EE63DAC0-C5F3-4572-AA64-695897942044}.Debug|Any CPU.ActiveCfg = Debug|Any CPU
		{EE63DAC0-C5F3-4572-AA64-695897942044}.Debug|Any CPU.Build.0 = Debug|Any CPU
		{EE63DAC0-C5F3-4572-AA64-695897942044}.Release|Any CPU.ActiveCfg = Release|Any CPU
		{EE63DAC0-C5F3-4572-AA64-695897942044}.Release|Any CPU.Build.0 = Release|Any CPU
		{E573089B-9940-404F-B38D-0338204E4166}.Debug|Any CPU.ActiveCfg = Debug|Any CPU
		{E573089B-9940-404F-B38D-0338204E4166}.Debug|Any CPU.Build.0 = Debug|Any CPU
		{E573089B-9940-404F-B38D-0338204E4166}.Release|Any CPU.ActiveCfg = Release|Any CPU
		{E573089B-9940-404F-B38D-0338204E4166}.Release|Any CPU.Build.0 = Release|Any CPU
		{CEBEA8EA-7DD2-46F2-A86B-1ABFD1CB712B}.Debug|Any CPU.ActiveCfg = Debug|Any CPU
		{CEBEA8EA-7DD2-46F2-A86B-1ABFD1CB712B}.Debug|Any CPU.Build.0 = Debug|Any CPU
		{CEBEA8EA-7DD2-46F2-A86B-1ABFD1CB712B}.Release|Any CPU.ActiveCfg = Release|Any CPU
		{CEBEA8EA-7DD2-46F2-A86B-1ABFD1CB712B}.Release|Any CPU.Build.0 = Release|Any CPU
		{0FE61D4B-C086-441A-B387-7ABA5C1C6596}.Debug|Any CPU.ActiveCfg = Debug|Any CPU
		{0FE61D4B-C086-441A-B387-7ABA5C1C6596}.Debug|Any CPU.Build.0 = Debug|Any CPU
		{0FE61D4B-C086-441A-B387-7ABA5C1C6596}.Release|Any CPU.ActiveCfg = Release|Any CPU
		{0FE61D4B-C086-441A-B387-7ABA5C1C6596}.Release|Any CPU.Build.0 = Release|Any CPU
		{A5480A20-D3CF-4933-BDE4-3BC5B4634477}.Debug|Any CPU.ActiveCfg = Debug|Any CPU
		{A5480A20-D3CF-4933-BDE4-3BC5B4634477}.Debug|Any CPU.Build.0 = Debug|Any CPU
		{A5480A20-D3CF-4933-BDE4-3BC5B4634477}.Release|Any CPU.ActiveCfg = Release|Any CPU
		{A5480A20-D3CF-4933-BDE4-3BC5B4634477}.Release|Any CPU.Build.0 = Release|Any CPU
		{763296D0-EAD1-4B5D-A3D0-76A143B4AD66}.Debug|Any CPU.ActiveCfg = Debug|Any CPU
		{763296D0-EAD1-4B5D-A3D0-76A143B4AD66}.Debug|Any CPU.Build.0 = Debug|Any CPU
		{763296D0-EAD1-4B5D-A3D0-76A143B4AD66}.Release|Any CPU.ActiveCfg = Release|Any CPU
		{763296D0-EAD1-4B5D-A3D0-76A143B4AD66}.Release|Any CPU.Build.0 = Release|Any CPU
	EndGlobalSection
	GlobalSection(SolutionProperties) = preSolution
		HideSolutionNode = FALSE
	EndGlobalSection
	GlobalSection(NestedProjects) = preSolution
		{97E7535E-7DB7-42C2-8305-E94E9FA06149} = {A6E19890-9979-421A-83BE-8D711A6632A8}
		{EE63DAC0-C5F3-4572-AA64-695897942044} = {BB20D464-76DC-43EF-80F5-ABCDC2ECF4CC}
		{44A7870A-7C03-4914-9CEF-9127DEB6D532} = {676C67E2-A50A-4891-BC30-CC73DCE2BB5D}
		{D1415A8A-D285-4975-B80E-06EACD0778D6} = {44A7870A-7C03-4914-9CEF-9127DEB6D532}
		{BB20D464-76DC-43EF-80F5-ABCDC2ECF4CC} = {44A7870A-7C03-4914-9CEF-9127DEB6D532}
		{E573089B-9940-404F-B38D-0338204E4166} = {D1415A8A-D285-4975-B80E-06EACD0778D6}
		{A6E19890-9979-421A-83BE-8D711A6632A8} = {44A7870A-7C03-4914-9CEF-9127DEB6D532}
		{67D14A19-4B00-4DF9-AA15-BC586B6FB6C0} = {676C67E2-A50A-4891-BC30-CC73DCE2BB5D}
		{CEBEA8EA-7DD2-46F2-A86B-1ABFD1CB712B} = {67D14A19-4B00-4DF9-AA15-BC586B6FB6C0}
		{B4269243-1E4E-44AA-AF79-AA7B49EAC24A} = {676C67E2-A50A-4891-BC30-CC73DCE2BB5D}
		{45CFA824-AB7E-46E8-AFE4-915D31C06E0D} = {B4269243-1E4E-44AA-AF79-AA7B49EAC24A}
		{681F0F51-1CDC-4C77-98B4-C9BC074A5688} = {B4269243-1E4E-44AA-AF79-AA7B49EAC24A}
		{EAF89F2B-BA11-4BEC-9DD8-3C3D696C29C1} = {B4269243-1E4E-44AA-AF79-AA7B49EAC24A}
		{0FE61D4B-C086-441A-B387-7ABA5C1C6596} = {45CFA824-AB7E-46E8-AFE4-915D31C06E0D}
		{A5480A20-D3CF-4933-BDE4-3BC5B4634477} = {681F0F51-1CDC-4C77-98B4-C9BC074A5688}
		{763296D0-EAD1-4B5D-A3D0-76A143B4AD66} = {EAF89F2B-BA11-4BEC-9DD8-3C3D696C29C1}
	EndGlobalSection
	GlobalSection(ExtensibilityGlobals) = postSolution
		SolutionGuid = {E4287017-96D8-437D-AFEE-2279EC82D27F}
	EndGlobalSection
EndGlobal
